// !$*UTF8*$!
{
	archiveVersion = 1;
	classes = {
	};
	objectVersion = 77;
	objects = {

/* Begin PBXBuildFile section */
		0B2F1440A795E4B24E6A495D /* ThrottleBrakeSlider.swift in Sources */ = {isa = PBXBuildFile; fileRef = "TEMP_B7C2336E-8647-490C-9255-AD8FC97473C4" /* ThrottleBrakeSlider.swift */; };
		3327D6C3C4025EA1978EDC3A /* MotionManager.swift in Sources */ = {isa = PBXBuildFile; fileRef = "TEMP_2015D6DD-6092-4AAB-B154-186A96E67F3F" /* MotionManager.swift */; };
		4239BC88AD6058CDDCA8607B /* Discovery.swift in Sources */ = {isa = PBXBuildFile; fileRef = "TEMP_15416C49-97AF-4A4A-8369-A8E76F940C6C" /* Discovery.swift */; };
		6392490DA2C7DAD0B81C7CA9 /* HapticsEngine.swift in Sources */ = {isa = PBXBuildFile; fileRef = "TEMP_DB9D3513-42BB-4B47-99DC-2CE07C1743DC" /* HapticsEngine.swift */; };
		6791C526739160D237E82EAF /* OnboardingView.swift in Sources */ = {isa = PBXBuildFile; fileRef = "TEMP_3E5144EE-6A81-4C80-8E58-9646703EC22D" /* OnboardingView.swift */; };
		680E3C5F6C6D4667280097B9 /* Assets.xcassets in Resources */ = {isa = PBXBuildFile; fileRef = FB470242D93DFA6DB6865F30 /* Assets.xcassets */; };
		7DC0709A4A75398E80D0A644 /* MacroButtons.swift in Sources */ = {isa = PBXBuildFile; fileRef = "TEMP_0B400CD6-43E4-41A8-943D-4B04A1133862" /* MacroButtons.swift */; };
		7E06CEDAD433DFBD00C38125 /* Store.swift in Sources */ = {isa = PBXBuildFile; fileRef = "TEMP_D7B957D4-BB46-453D-A593-0EBEF634A683" /* Store.swift */; };
		7E42B38FFEE36CFB35E69774 /* ContentView.swift in Sources */ = {isa = PBXBuildFile; fileRef = "TEMP_BD28C57E-1D36-4A04-A52C-2B38F0EABC14" /* ContentView.swift */; };
		B568C9956112613E8A5C71C8 /* NetworkManager.swift in Sources */ = {isa = PBXBuildFile; fileRef = "TEMP_2C84DF93-DAFF-4459-9B05-33A38F61E84C" /* NetworkManager.swift */; };
		BF3AFBC130CB11FB48EAC09C /* AppSettings.swift in Sources */ = {isa = PBXBuildFile; fileRef = "TEMP_D6BC592F-0561-49DA-9A5E-E6A4E921FDCC" /* AppSettings.swift */; };
		D4A733B8115ADC3B2664ECC9 /* SettingsView.swift in Sources */ = {isa = PBXBuildFile; fileRef = "TEMP_6B8DFCA4-2AF6-452C-9633-C991CFB8D936" /* SettingsView.swift */; };
		E1CD317241589645C717D883 /* GyroWheelApp.swift in Sources */ = {isa = PBXBuildFile; fileRef = "TEMP_DE5A0F24-BEB6-47A4-9BB7-1CBD33DF862F" /* GyroWheelApp.swift */; };
		E55C91F9F1148229669D5F04 /* GameController.swift in Sources */ = {isa = PBXBuildFile; fileRef = "TEMP_91D8AFFE-4DF0-4DC4-A308-EF08CCF1B680" /* GameController.swift */; };
/* End PBXBuildFile section */

/* Begin PBXFileReference section */
		D8CB876A18C5E79440BFA017 /* GyroWheel.app */ = {isa = PBXFileReference; explicitFileType = wrapper.application; includeInIndex = 0; path = GyroWheel.app; sourceTree = BUILT_PRODUCTS_DIR; };
		FB470242D93DFA6DB6865F30 /* Assets.xcassets */ = {isa = PBXFileReference; lastKnownFileType = folder.assetcatalog; path = Assets.xcassets; sourceTree = "<group>"; };
		"TEMP_0B400CD6-43E4-41A8-943D-4B04A1133862" /* MacroButtons.swift */ = {isa = PBXFileReference; lastKnownFileType = sourcecode.swift; path = MacroButtons.swift; sourceTree = "<group>"; };
		"TEMP_15416C49-97AF-4A4A-8369-A8E76F940C6C" /* Discovery.swift */ = {isa = PBXFileReference; lastKnownFileType = sourcecode.swift; path = Discovery.swift; sourceTree = "<group>"; };
		"TEMP_2015D6DD-6092-4AAB-B154-186A96E67F3F" /* MotionManager.swift */ = {isa = PBXFileReference; lastKnownFileType = sourcecode.swift; path = MotionManager.swift; sourceTree = "<group>"; };
		"TEMP_2C84DF93-DAFF-4459-9B05-33A38F61E84C" /* NetworkManager.swift */ = {isa = PBXFileReference; lastKnownFileType = sourcecode.swift; path = NetworkManager.swift; sourceTree = "<group>"; };
		"TEMP_3E5144EE-6A81-4C80-8E58-9646703EC22D" /* OnboardingView.swift */ = {isa = PBXFileReference; lastKnownFileType = sourcecode.swift; path = OnboardingView.swift; sourceTree = "<group>"; };
		"TEMP_6B8DFCA4-2AF6-452C-9633-C991CFB8D936" /* SettingsView.swift */ = {isa = PBXFileReference; lastKnownFileType = sourcecode.swift; path = SettingsView.swift; sourceTree = "<group>"; };
		"TEMP_91D8AFFE-4DF0-4DC4-A308-EF08CCF1B680" /* GameController.swift */ = {isa = PBXFileReference; lastKnownFileType = sourcecode.swift; path = GameController.swift; sourceTree = "<group>"; };
		"TEMP_B7C2336E-8647-490C-9255-AD8FC97473C4" /* ThrottleBrakeSlider.swift */ = {isa = PBXFileReference; lastKnownFileType = sourcecode.swift; path = ThrottleBrakeSlider.swift; sourceTree = "<group>"; };
		"TEMP_BD28C57E-1D36-4A04-A52C-2B38F0EABC14" /* ContentView.swift */ = {isa = PBXFileReference; lastKnownFileType = sourcecode.swift; path = ContentView.swift; sourceTree = "<group>"; };
		"TEMP_D6BC592F-0561-49DA-9A5E-E6A4E921FDCC" /* AppSettings.swift */ = {isa = PBXFileReference; lastKnownFileType = sourcecode.swift; path = AppSettings.swift; sourceTree = "<group>"; };
		"TEMP_D7B957D4-BB46-453D-A593-0EBEF634A683" /* Store.swift */ = {isa = PBXFileReference; lastKnownFileType = sourcecode.swift; path = Store.swift; sourceTree = "<group>"; };
		"TEMP_DB9D3513-42BB-4B47-99DC-2CE07C1743DC" /* HapticsEngine.swift */ = {isa = PBXFileReference; lastKnownFileType = sourcecode.swift; path = HapticsEngine.swift; sourceTree = "<group>"; };
		"TEMP_DE5A0F24-BEB6-47A4-9BB7-1CBD33DF862F" /* GyroWheelApp.swift */ = {isa = PBXFileReference; lastKnownFileType = sourcecode.swift; path = GyroWheelApp.swift; sourceTree = "<group>"; };
/* End PBXFileReference section */

/* Begin PBXGroup section */
		1D87D06C8E16389F6359ECA2 = {
			isa = PBXGroup;
			children = (
				FB470242D93DFA6DB6865F30 /* Assets.xcassets */,
				961A4A81149D4D2AE8D17011 /* Products */,
				E82063D42FF2D8C200A120CA /* Recovered References */,
			);
			sourceTree = "<group>";
		};
		961A4A81149D4D2AE8D17011 /* Products */ = {
			isa = PBXGroup;
			children = (
				D8CB876A18C5E79440BFA017 /* GyroWheel.app */,
			);
			name = Products;
			sourceTree = "<group>";
		};
		E82063D42FF2D8C200A120CA /* Recovered References */ = {
			isa = PBXGroup;
			children = (
				"TEMP_D6BC592F-0561-49DA-9A5E-E6A4E921FDCC" /* AppSettings.swift */,
				"TEMP_BD28C57E-1D36-4A04-A52C-2B38F0EABC14" /* ContentView.swift */,
				"TEMP_15416C49-97AF-4A4A-8369-A8E76F940C6C" /* Discovery.swift */,
				"TEMP_91D8AFFE-4DF0-4DC4-A308-EF08CCF1B680" /* GameController.swift */,
				"TEMP_DE5A0F24-BEB6-47A4-9BB7-1CBD33DF862F" /* GyroWheelApp.swift */,
				"TEMP_DB9D3513-42BB-4B47-99DC-2CE07C1743DC" /* HapticsEngine.swift */,
				"TEMP_0B400CD6-43E4-41A8-943D-4B04A1133862" /* MacroButtons.swift */,
				"TEMP_2015D6DD-6092-4AAB-B154-186A96E67F3F" /* MotionManager.swift */,
				"TEMP_2C84DF93-DAFF-4459-9B05-33A38F61E84C" /* NetworkManager.swift */,
				"TEMP_3E5144EE-6A81-4C80-8E58-9646703EC22D" /* OnboardingView.swift */,
				"TEMP_6B8DFCA4-2AF6-452C-9633-C991CFB8D936" /* SettingsView.swift */,
				"TEMP_D7B957D4-BB46-453D-A593-0EBEF634A683" /* Store.swift */,
				"TEMP_B7C2336E-8647-490C-9255-AD8FC97473C4" /* ThrottleBrakeSlider.swift */,
			);
			name = "Recovered References";
			sourceTree = "<group>";
		};
/* End PBXGroup section */

/* Begin PBXNativeTarget section */
		EEDA09E15EF68FD2E27FD22E /* GyroWheel */ = {
			isa = PBXNativeTarget;
			buildConfigurationList = 8B1506C4DF102DA71F59F4ED /* Build configuration list for PBXNativeTarget "GyroWheel" */;
			buildPhases = (
				250938F232445A0C43D0EA42 /* Sources */,
				00B32D0FFA5914FE88E2AF18 /* Resources */,
			);
			buildRules = (
			);
			dependencies = (
			);
			name = GyroWheel;
			packageProductDependencies = (
			);
			productName = GyroWheel;
			productReference = D8CB876A18C5E79440BFA017 /* GyroWheel.app */;
			productType = "com.apple.product-type.application";
		};
/* End PBXNativeTarget section */

/* Begin PBXProject section */
		9E4A6179BCD88008D6459EAE /* Project object */ = {
			isa = PBXProject;
			attributes = {
				BuildIndependentTargetsInParallel = YES;
				LastUpgradeCheck = 1430;
				TargetAttributes = {
					EEDA09E15EF68FD2E27FD22E = {
						ProvisioningStyle = Automatic;
					};
				};
			};
			buildConfigurationList = 2366447F14ED14CD708FCE3A /* Build configuration list for PBXProject "GyroWheel" */;
			developmentRegion = en;
			hasScannedForEncodings = 0;
			knownRegions = (
				Base,
				en,
			);
			mainGroup = 1D87D06C8E16389F6359ECA2;
			minimizedProjectReferenceProxies = 1;
			preferredProjectObjectVersion = 77;
			productRefGroup = 961A4A81149D4D2AE8D17011 /* Products */;
			projectDirPath = "";
			projectRoot = "";
			targets = (
				EEDA09E15EF68FD2E27FD22E /* GyroWheel */,
			);
		};
/* End PBXProject section */

/* Begin PBXResourcesBuildPhase section */
		00B32D0FFA5914FE88E2AF18 /* Resources */ = {
			isa = PBXResourcesBuildPhase;
			buildActionMask = 2147483647;
			files = (
				680E3C5F6C6D4667280097B9 /* Assets.xcassets in Resources */,
			);
			runOnlyForDeploymentPostprocessing = 0;
		};
/* End PBXResourcesBuildPhase section */

/* Begin PBXSourcesBuildPhase section */
		250938F232445A0C43D0EA42 /* Sources */ = {
			isa = PBXSourcesBuildPhase;
			buildActionMask = 2147483647;
			files = (
				BF3AFBC130CB11FB48EAC09C /* AppSettings.swift in Sources */,
				7E42B38FFEE36CFB35E69774 /* ContentView.swift in Sources */,
				4239BC88AD6058CDDCA8607B /* Discovery.swift in Sources */,
				E55C91F9F1148229669D5F04 /* GameController.swift in Sources */,
				E1CD317241589645C717D883 /* GyroWheelApp.swift in Sources */,
				6392490DA2C7DAD0B81C7CA9 /* HapticsEngine.swift in Sources */,
				7DC0709A4A75398E80D0A644 /* MacroButtons.swift in Sources */,
				3327D6C3C4025EA1978EDC3A /* MotionManager.swift in Sources */,
				B568C9956112613E8A5C71C8 /* NetworkManager.swift in Sources */,
				6791C526739160D237E82EAF /* OnboardingView.swift in Sources */,
				D4A733B8115ADC3B2664ECC9 /* SettingsView.swift in Sources */,
				7E06CEDAD433DFBD00C38125 /* Store.swift in Sources */,
				0B2F1440A795E4B24E6A495D /* ThrottleBrakeSlider.swift in Sources */,
			);
			runOnlyForDeploymentPostprocessing = 0;
		};
/* End PBXSourcesBuildPhase section */

/* Begin XCBuildConfiguration section */
		3EBC2B0262B8573B82E08923 /* Release */ = {
			isa = XCBuildConfiguration;
			buildSettings = {
				ASSETCATALOG_COMPILER_APPICON_NAME = AppIcon;
				CODE_SIGN_IDENTITY = "iPhone Developer";
				CODE_SIGN_STYLE = Automatic;
				CURRENT_PROJECT_VERSION = 1;
				DEVELOPMENT_TEAM = 92JK43YAHC;
				INFOPLIST_FILE = "GyroWheel-Info.plist";
				LD_RUNPATH_SEARCH_PATHS = (
					"$(inherited)",
					"@executable_path/Frameworks",
				);
				MARKETING_VERSION = 1.0;
				PRODUCT_BUNDLE_IDENTIFIER = com.gyrowheel.GyroWheelApp;
				SDKROOT = iphoneos;
				SWIFT_VERSION = 5.0;
				TARGETED_DEVICE_FAMILY = "1,2";
			};
			name = Release;
		};
		520893651D60F333B756FB40 /* Release */ = {
			isa = XCBuildConfiguration;
			buildSettings = {
				ALWAYS_SEARCH_USER_PATHS = NO;
				CLANG_ANALYZER_NONNULL = YES;
				CLANG_ANALYZER_NUMBER_OBJECT_CONVERSION = YES_AGGRESSIVE;
				CLANG_CXX_LANGUAGE_STANDARD = "gnu++14";
				CLANG_CXX_LIBRARY = "libc++";
				CLANG_ENABLE_MODULES = YES;
				CLANG_ENABLE_OBJC_ARC = YES;
				CLANG_ENABLE_OBJC_WEAK = YES;
				CLANG_WARN_BLOCK_CAPTURE_AUTORELEASING = YES;
				CLANG_WARN_BOOL_CONVERSION = YES;
				CLANG_WARN_COMMA = YES;
				CLANG_WARN_CONSTANT_CONVERSION = YES;
				CLANG_WARN_DEPRECATED_OBJC_IMPLEMENTATIONS = YES;
				CLANG_WARN_DIRECT_OBJC_ISA_USAGE = YES_ERROR;
				CLANG_WARN_DOCUMENTATION_COMMENTS = YES;
				CLANG_WARN_EMPTY_BODY = YES;
				CLANG_WARN_ENUM_CONVERSION = YES;
				CLANG_WARN_INFINITE_RECURSION = YES;
				CLANG_WARN_INT_CONVERSION = YES;
				CLANG_WARN_NON_LITERAL_NULL_CONVERSION = YES;
				CLANG_WARN_OBJC_IMPLICIT_RETAIN_SELF = YES;
				CLANG_WARN_OBJC_LITERAL_CONVERSION = YES;
				CLANG_WARN_OBJC_ROOT_CLASS = YES_ERROR;
				CLANG_WARN_QUOTED_INCLUDE_IN_FRAMEWORK_HEADER = YES;
				CLANG_WARN_RANGE_LOOP_ANALYSIS = YES;
				CLANG_WARN_STRICT_PROTOTYPES = YES;
				CLANG_WARN_SUSPICIOUS_MOVE = YES;
				CLANG_WARN_UNGUARDED_AVAILABILITY = YES_AGGRESSIVE;
				CLANG_WARN_UNREACHABLE_CODE = YES;
				CLANG_WARN__DUPLICATE_METHOD_MATCH = YES;
				COPY_PHASE_STRIP = NO;
				DEBUG_INFORMATION_FORMAT = "dwarf-with-dsym";
				ENABLE_NS_ASSERTIONS = NO;
				ENABLE_STRICT_OBJC_MSGSEND = YES;
				GCC_C_LANGUAGE_STANDARD = gnu11;
				GCC_NO_COMMON_BLOCKS = YES;
				GCC_WARN_64_TO_32_BIT_CONVERSION = YES;
				GCC_WARN_ABOUT_RETURN_TYPE = YES_ERROR;
				GCC_WARN_UNDECLARED_SELECTOR = YES;
				GCC_WARN_UNINITIALIZED_AUTOS = YES_AGGRESSIVE;
				GCC_WARN_UNUSED_FUNCTION = YES;
				GCC_WARN_UNUSED_VARIABLE = YES;
				IPHONEOS_DEPLOYMENT_TARGET = 16.0;
				MTL_ENABLE_DEBUG_INFO = NO;
				MTL_FAST_MATH = YES;
				PRODUCT_NAME = "$(TARGET_NAME)";
				SDKROOT = iphoneos;
				SWIFT_COMPILATION_MODE = wholemodule;
				SWIFT_OPTIMIZATION_LEVEL = "-O";
				SWIFT_VERSION = 5.0;
			};
			name = Release;
		};
		B0D19D93598DCCF02C8BA26B /* Debug */ = {
			isa = XCBuildConfiguration;
			buildSettings = {
				ASSETCATALOG_COMPILER_APPICON_NAME = AppIcon;
				CODE_SIGN_IDENTITY = "iPhone Developer";
				CODE_SIGN_STYLE = Automatic;
				CURRENT_PROJECT_VERSION = 1;
				DEVELOPMENT_TEAM = 92JK43YAHC;
				INFOPLIST_FILE = "GyroWheel-Info.plist";
				LD_RUNPATH_SEARCH_PATHS = (
					"$(inherited)",
					"@executable_path/Frameworks",
				);
				MARKETING_VERSION = 1.0;
				PRODUCT_BUNDLE_IDENTIFIER = com.gyrowheel.GyroWheelApp;
				SDKROOT = iphoneos;
				SWIFT_VERSION = 5.0;
				TARGETED_DEVICE_FAMILY = "1,2";
			};
			name = Debug;
		};
		CE7C90686F5C20A295F9EB2F /* Debug */ = {
			isa = XCBuildConfiguration;
			buildSettings = {
				ALWAYS_SEARCH_USER_PATHS = NO;
				CLANG_ANALYZER_NONNULL = YES;
				CLANG_ANALYZER_NUMBER_OBJECT_CONVERSION = YES_AGGRESSIVE;
				CLANG_CXX_LANGUAGE_STANDARD = "gnu++14";
				CLANG_CXX_LIBRARY = "libc++";
				CLANG_ENABLE_MODULES = YES;
				CLANG_ENABLE_OBJC_ARC = YES;
				CLANG_ENABLE_OBJC_WEAK = YES;
				CLANG_WARN_BLOCK_CAPTURE_AUTORELEASING = YES;
				CLANG_WARN_BOOL_CONVERSION = YES;
				CLANG_WARN_COMMA = YES;
				CLANG_WARN_CONSTANT_CONVERSION = YES;
				CLANG_WARN_DEPRECATED_OBJC_IMPLEMENTATIONS = YES;
				CLANG_WARN_DIRECT_OBJC_ISA_USAGE = YES_ERROR;
				CLANG_WARN_DOCUMENTATION_COMMENTS = YES;
				CLANG_WARN_EMPTY_BODY = YES;
				CLANG_WARN_ENUM_CONVERSION = YES;
				CLANG_WARN_INFINITE_RECURSION = YES;
				CLANG_WARN_INT_CONVERSION = YES;
				CLANG_WARN_NON_LITERAL_NULL_CONVERSION = YES;
				CLANG_WARN_OBJC_IMPLICIT_RETAIN_SELF = YES;
				CLANG_WARN_OBJC_LITERAL_CONVERSION = YES;
				CLANG_WARN_OBJC_ROOT_CLASS = YES_ERROR;
				CLANG_WARN_QUOTED_INCLUDE_IN_FRAMEWORK_HEADER = YES;
				CLANG_WARN_RANGE_LOOP_ANALYSIS = YES;
				CLANG_WARN_STRICT_PROTOTYPES = YES;
				CLANG_WARN_SUSPICIOUS_MOVE = YES;
				CLANG_WARN_UNGUARDED_AVAILABILITY = YES_AGGRESSIVE;
				CLANG_WARN_UNREACHABLE_CODE = YES;
				CLANG_WARN__DUPLICATE_METHOD_MATCH = YES;
				COPY_PHASE_STRIP = NO;
				DEBUG_INFORMATION_FORMAT = dwarf;
				ENABLE_STRICT_OBJC_MSGSEND = YES;
				ENABLE_TESTABILITY = YES;
				GCC_C_LANGUAGE_STANDARD = gnu11;
				GCC_DYNAMIC_NO_PIC = NO;
				GCC_NO_COMMON_BLOCKS = YES;
				GCC_OPTIMIZATION_LEVEL = 0;
				GCC_PREPROCESSOR_DEFINITIONS = (
					"$(inherited)",
					"DEBUG=1",
				);
				GCC_WARN_64_TO_32_BIT_CONVERSION = YES;
				GCC_WARN_ABOUT_RETURN_TYPE = YES_ERROR;
				GCC_WARN_UNDECLARED_SELECTOR = YES;
				GCC_WARN_UNINITIALIZED_AUTOS = YES_AGGRESSIVE;
				GCC_WARN_UNUSED_FUNCTION = YES;
				GCC_WARN_UNUSED_VARIABLE = YES;
				IPHONEOS_DEPLOYMENT_TARGET = 16.0;
				MTL_ENABLE_DEBUG_INFO = INCLUDE_SOURCE;
				MTL_FAST_MATH = YES;
				ONLY_ACTIVE_ARCH = YES;
				PRODUCT_NAME = "$(TARGET_NAME)";
				SDKROOT = iphoneos;
				SWIFT_ACTIVE_COMPILATION_CONDITIONS = DEBUG;
				SWIFT_OPTIMIZATION_LEVEL = "-Onone";
				SWIFT_VERSION = 5.0;
			};
			name = Debug;
		};
/* End XCBuildConfiguration section */

/* Begin XCConfigurationList section */
		2366447F14ED14CD708FCE3A /* Build configuration list for PBXProject "GyroWheel" */ = {
			isa = XCConfigurationList;
			buildConfigurations = (
				CE7C90686F5C20A295F9EB2F /* Debug */,
				520893651D60F333B756FB40 /* Release */,
			);
			defaultConfigurationIsVisible = 0;
			defaultConfigurationName = Debug;
		};
		8B1506C4DF102DA71F59F4ED /* Build configuration list for PBXNativeTarget "GyroWheel" */ = {
			isa = XCConfigurationList;
			buildConfigurations = (
				B0D19D93598DCCF02C8BA26B /* Debug */,
				3EBC2B0262B8573B82E08923 /* Release */,
			);
			defaultConfigurationIsVisible = 0;
			defaultConfigurationName = Debug;
		};
/* End XCConfigurationList section */
	};
	rootObject = 9E4A6179BCD88008D6459EAE /* Project object */;
}
