// !$*UTF8*$!
{
	archiveVersion = 1;
	classes = {
	};
	objectVersion = 77;
	objects = {

/* Begin PBXBuildFile section */
		4A45A4EFF58D8080758A62EF /* UDP.swift in Sources */ = {isa = PBXBuildFile; fileRef = 7140007DB76902C6EDCFA625 /* UDP.swift */; };
		601132FEE365E659BD4BFF28 /* Assets.xcassets in Resources */ = {isa = PBXBuildFile; fileRef = 13ECF2736DFDCC0FBA9A7063 /* Assets.xcassets */; };
		B3B1683942A7F6DD075F5C1B /* ReceiverApp.swift in Sources */ = {isa = PBXBuildFile; fileRef = AC5DC705C3AE3A7F867B4E03 /* ReceiverApp.swift */; };
		C05DE9D9AF58F61F76A17300 /* VirtualGamepad.swift in Sources */ = {isa = PBXBuildFile; fileRef = 83BF7AA225EF880DBBF9C0F4 /* VirtualGamepad.swift */; };
		C314B1561BF747910704CB7C /* Telemetry.swift in Sources */ = {isa = PBXBuildFile; fileRef = B8E46C894020C439518C84BB /* Telemetry.swift */; };
/* End PBXBuildFile section */

/* Begin PBXFileReference section */
		030CF4D071147C0E25B5C2CD /* GyroWheelReceiver.app */ = {isa = PBXFileReference; explicitFileType = wrapper.application; includeInIndex = 0; path = GyroWheelReceiver.app; sourceTree = BUILT_PRODUCTS_DIR; };
		13ECF2736DFDCC0FBA9A7063 /* Assets.xcassets */ = {isa = PBXFileReference; lastKnownFileType = folder.assetcatalog; path = Assets.xcassets; sourceTree = "<group>"; };
		7140007DB76902C6EDCFA625 /* UDP.swift */ = {isa = PBXFileReference; lastKnownFileType = sourcecode.swift; path = UDP.swift; sourceTree = "<group>"; };
		83BF7AA225EF880DBBF9C0F4 /* VirtualGamepad.swift */ = {isa = PBXFileReference; lastKnownFileType = sourcecode.swift; path = VirtualGamepad.swift; sourceTree = "<group>"; };
		A56A16297C871628E00537ED /* bridge.h */ = {isa = PBXFileReference; lastKnownFileType = sourcecode.c.h; path = bridge.h; sourceTree = "<group>"; };
		AC5DC705C3AE3A7F867B4E03 /* ReceiverApp.swift */ = {isa = PBXFileReference; lastKnownFileType = sourcecode.swift; path = ReceiverApp.swift; sourceTree = "<group>"; };
		B8E46C894020C439518C84BB /* Telemetry.swift */ = {isa = PBXFileReference; lastKnownFileType = sourcecode.swift; path = Telemetry.swift; sourceTree = "<group>"; };
/* End PBXFileReference section */

/* Begin PBXGroup section */
		28C60301EFBDD2C4CB56E80B /* Products */ = {
			isa = PBXGroup;
			children = (
				030CF4D071147C0E25B5C2CD /* GyroWheelReceiver.app */,
			);
			name = Products;
			sourceTree = "<group>";
		};
		9C60A9197EE4B481E7D4FCEC /* Sources */ = {
			isa = PBXGroup;
			children = (
				A56A16297C871628E00537ED /* bridge.h */,
				AC5DC705C3AE3A7F867B4E03 /* ReceiverApp.swift */,
				B8E46C894020C439518C84BB /* Telemetry.swift */,
				7140007DB76902C6EDCFA625 /* UDP.swift */,
				83BF7AA225EF880DBBF9C0F4 /* VirtualGamepad.swift */,
			);
			path = Sources;
			sourceTree = "<group>";
		};
		C50C875B2F23D813A807AAC4 = {
			isa = PBXGroup;
			children = (
				13ECF2736DFDCC0FBA9A7063 /* Assets.xcassets */,
				9C60A9197EE4B481E7D4FCEC /* Sources */,
				28C60301EFBDD2C4CB56E80B /* Products */,
			);
			sourceTree = "<group>";
		};
/* End PBXGroup section */

/* Begin PBXNativeTarget section */
		2EA37872219B63CCE76BFD55 /* GyroWheelReceiver */ = {
			isa = PBXNativeTarget;
			buildConfigurationList = D5EBBEB877B0EE5B37ABE82A /* Build configuration list for PBXNativeTarget "GyroWheelReceiver" */;
			buildPhases = (
				59351C080C6AFB8C6FF61DEB /* Sources */,
				BB1B444AC84E40DD076D4868 /* Resources */,
			);
			buildRules = (
			);
			dependencies = (
			);
			name = GyroWheelReceiver;
			packageProductDependencies = (
			);
			productName = GyroWheelReceiver;
			productReference = 030CF4D071147C0E25B5C2CD /* GyroWheelReceiver.app */;
			productType = "com.apple.product-type.application";
		};
/* End PBXNativeTarget section */

/* Begin PBXProject section */
		EBDF09BE29936E3E0DABA039 /* Project object */ = {
			isa = PBXProject;
			attributes = {
				BuildIndependentTargetsInParallel = YES;
				LastUpgradeCheck = 1430;
				TargetAttributes = {
				};
			};
			buildConfigurationList = 7E98C075673233EBA9AB695F /* Build configuration list for PBXProject "GyroWheelReceiver" */;
			developmentRegion = en;
			hasScannedForEncodings = 0;
			knownRegions = (
				Base,
				en,
			);
			mainGroup = C50C875B2F23D813A807AAC4;
			minimizedProjectReferenceProxies = 1;
			preferredProjectObjectVersion = 77;
			productRefGroup = 28C60301EFBDD2C4CB56E80B /* Products */;
			projectDirPath = "";
			projectRoot = "";
			targets = (
				2EA37872219B63CCE76BFD55 /* GyroWheelReceiver */,
			);
		};
/* End PBXProject section */

/* Begin PBXResourcesBuildPhase section */
		BB1B444AC84E40DD076D4868 /* Resources */ = {
			isa = PBXResourcesBuildPhase;
			buildActionMask = 2147483647;
			files = (
				601132FEE365E659BD4BFF28 /* Assets.xcassets in Resources */,
			);
			runOnlyForDeploymentPostprocessing = 0;
		};
/* End PBXResourcesBuildPhase section */

/* Begin PBXSourcesBuildPhase section */
		59351C080C6AFB8C6FF61DEB /* Sources */ = {
			isa = PBXSourcesBuildPhase;
			buildActionMask = 2147483647;
			files = (
				B3B1683942A7F6DD075F5C1B /* ReceiverApp.swift in Sources */,
				C314B1561BF747910704CB7C /* Telemetry.swift in Sources */,
				4A45A4EFF58D8080758A62EF /* UDP.swift in Sources */,
				C05DE9D9AF58F61F76A17300 /* VirtualGamepad.swift in Sources */,
			);
			runOnlyForDeploymentPostprocessing = 0;
		};
/* End PBXSourcesBuildPhase section */

/* Begin XCBuildConfiguration section */
		3509FD2CCA7B92DE91E8FE76 /* Debug */ = {
			isa = XCBuildConfiguration;
			buildSettings = {
				ALWAYS_SEARCH_USER_PATHS = NO;
				CLANG_ANALYZER_NONNULL = YES;
				CLANG_ANALYZER_NUMBER_OBJECT_CONVERSION = YES_AGGRESSIVE;
				CLANG_CXX_LANGUAGE_STANDARD = "gnu++14";
				CLANG_CXX_LIBRARY = "libc++";
				CLANG_ENABLE_MODULES = YES;
				CLANG_ENABLE_OBJC_ARC = YES;
				CLANG_ENABLE_OBJC_WEAK = YES;
				CLANG_WARN_BLOCK_CAPTURE_AUTORELEASING = YES;
				CLANG_WARN_BOOL_CONVERSION = YES;
				CLANG_WARN_COMMA = YES;
				CLANG_WARN_CONSTANT_CONVERSION = YES;
				CLANG_WARN_DEPRECATED_OBJC_IMPLEMENTATIONS = YES;
				CLANG_WARN_DIRECT_OBJC_ISA_USAGE = YES_ERROR;
				CLANG_WARN_DOCUMENTATION_COMMENTS = YES;
				CLANG_WARN_EMPTY_BODY = YES;
				CLANG_WARN_ENUM_CONVERSION = YES;
				CLANG_WARN_INFINITE_RECURSION = YES;
				CLANG_WARN_INT_CONVERSION = YES;
				CLANG_WARN_NON_LITERAL_NULL_CONVERSION = YES;
				CLANG_WARN_OBJC_IMPLICIT_RETAIN_SELF = YES;
				CLANG_WARN_OBJC_LITERAL_CONVERSION = YES;
				CLANG_WARN_OBJC_ROOT_CLASS = YES_ERROR;
				CLANG_WARN_QUOTED_INCLUDE_IN_FRAMEWORK_HEADER = YES;
				CLANG_WARN_RANGE_LOOP_ANALYSIS = YES;
				CLANG_WARN_STRICT_PROTOTYPES = YES;
				CLANG_WARN_SUSPICIOUS_MOVE = YES;
				CLANG_WARN_UNGUARDED_AVAILABILITY = YES_AGGRESSIVE;
				CLANG_WARN_UNREACHABLE_CODE = YES;
				CLANG_WARN__DUPLICATE_METHOD_MATCH = YES;
				COPY_PHASE_STRIP = NO;
				DEBUG_INFORMATION_FORMAT = dwarf;
				ENABLE_STRICT_OBJC_MSGSEND = YES;
				ENABLE_TESTABILITY = YES;
				GCC_C_LANGUAGE_STANDARD = gnu11;
				GCC_DYNAMIC_NO_PIC = NO;
				GCC_NO_COMMON_BLOCKS = YES;
				GCC_OPTIMIZATION_LEVEL = 0;
				GCC_PREPROCESSOR_DEFINITIONS = (
					"$(inherited)",
					"DEBUG=1",
				);
				GCC_WARN_64_TO_32_BIT_CONVERSION = YES;
				GCC_WARN_ABOUT_RETURN_TYPE = YES_ERROR;
				GCC_WARN_UNDECLARED_SELECTOR = YES;
				GCC_WARN_UNINITIALIZED_AUTOS = YES_AGGRESSIVE;
				GCC_WARN_UNUSED_FUNCTION = YES;
				GCC_WARN_UNUSED_VARIABLE = YES;
				MACOSX_DEPLOYMENT_TARGET = 13.0;
				MTL_ENABLE_DEBUG_INFO = INCLUDE_SOURCE;
				MTL_FAST_MATH = YES;
				ONLY_ACTIVE_ARCH = YES;
				PRODUCT_NAME = "$(TARGET_NAME)";
				SDKROOT = macosx;
				SWIFT_ACTIVE_COMPILATION_CONDITIONS = DEBUG;
				SWIFT_OPTIMIZATION_LEVEL = "-Onone";
				SWIFT_VERSION = 5.0;
			};
			name = Debug;
		};
		3B5B2AA137519290D7456BB0 /* Release */ = {
			isa = XCBuildConfiguration;
			buildSettings = {
				ASSETCATALOG_COMPILER_APPICON_NAME = AppIcon;
				CODE_SIGN_ENTITLEMENTS = Receiver.entitlements;
				COMBINE_HIDPI_IMAGES = YES;
				CURRENT_PROJECT_VERSION = 1;
				GENERATE_INFOPLIST_FILE = YES;
				INFOPLIST_KEY_LSApplicationCategoryType = "public.app-category.utilities";
				INFOPLIST_KEY_NSHumanReadableCopyright = GyroWheel;
				LD_RUNPATH_SEARCH_PATHS = (
					"$(inherited)",
					"@executable_path/../Frameworks",
				);
				MARKETING_VERSION = 1.0;
				PRODUCT_BUNDLE_IDENTIFIER = com.gyrowheel.Receiver;
				PRODUCT_NAME = GyroWheelReceiver;
				SDKROOT = macosx;
				SWIFT_OBJC_BRIDGING_HEADER = Sources/bridge.h;
				SWIFT_VERSION = 5.0;
			};
			name = Release;
		};
		50A38DBAC6C9CD995ACAB9EF /* Debug */ = {
			isa = XCBuildConfiguration;
			buildSettings = {
				ASSETCATALOG_COMPILER_APPICON_NAME = AppIcon;
				CODE_SIGN_ENTITLEMENTS = Receiver.entitlements;
				COMBINE_HIDPI_IMAGES = YES;
				CURRENT_PROJECT_VERSION = 1;
				GENERATE_INFOPLIST_FILE = YES;
				INFOPLIST_KEY_LSApplicationCategoryType = "public.app-category.utilities";
				INFOPLIST_KEY_NSHumanReadableCopyright = GyroWheel;
				LD_RUNPATH_SEARCH_PATHS = (
					"$(inherited)",
					"@executable_path/../Frameworks",
				);
				MARKETING_VERSION = 1.0;
				PRODUCT_BUNDLE_IDENTIFIER = com.gyrowheel.Receiver;
				PRODUCT_NAME = GyroWheelReceiver;
				SDKROOT = macosx;
				SWIFT_OBJC_BRIDGING_HEADER = Sources/bridge.h;
				SWIFT_VERSION = 5.0;
			};
			name = Debug;
		};
		BBE5CEB4140E6B31FC5962BE /* Release */ = {
			isa = XCBuildConfiguration;
			buildSettings = {
				ALWAYS_SEARCH_USER_PATHS = NO;
				CLANG_ANALYZER_NONNULL = YES;
				CLANG_ANALYZER_NUMBER_OBJECT_CONVERSION = YES_AGGRESSIVE;
				CLANG_CXX_LANGUAGE_STANDARD = "gnu++14";
				CLANG_CXX_LIBRARY = "libc++";
				CLANG_ENABLE_MODULES = YES;
				CLANG_ENABLE_OBJC_ARC = YES;
				CLANG_ENABLE_OBJC_WEAK = YES;
				CLANG_WARN_BLOCK_CAPTURE_AUTORELEASING = YES;
				CLANG_WARN_BOOL_CONVERSION = YES;
				CLANG_WARN_COMMA = YES;
				CLANG_WARN_CONSTANT_CONVERSION = YES;
				CLANG_WARN_DEPRECATED_OBJC_IMPLEMENTATIONS = YES;
				CLANG_WARN_DIRECT_OBJC_ISA_USAGE = YES_ERROR;
				CLANG_WARN_DOCUMENTATION_COMMENTS = YES;
				CLANG_WARN_EMPTY_BODY = YES;
				CLANG_WARN_ENUM_CONVERSION = YES;
				CLANG_WARN_INFINITE_RECURSION = YES;
				CLANG_WARN_INT_CONVERSION = YES;
				CLANG_WARN_NON_LITERAL_NULL_CONVERSION = YES;
				CLANG_WARN_OBJC_IMPLICIT_RETAIN_SELF = YES;
				CLANG_WARN_OBJC_LITERAL_CONVERSION = YES;
				CLANG_WARN_OBJC_ROOT_CLASS = YES_ERROR;
				CLANG_WARN_QUOTED_INCLUDE_IN_FRAMEWORK_HEADER = YES;
				CLANG_WARN_RANGE_LOOP_ANALYSIS = YES;
				CLANG_WARN_STRICT_PROTOTYPES = YES;
				CLANG_WARN_SUSPICIOUS_MOVE = YES;
				CLANG_WARN_UNGUARDED_AVAILABILITY = YES_AGGRESSIVE;
				CLANG_WARN_UNREACHABLE_CODE = YES;
				CLANG_WARN__DUPLICATE_METHOD_MATCH = YES;
				COPY_PHASE_STRIP = NO;
				DEBUG_INFORMATION_FORMAT = "dwarf-with-dsym";
				ENABLE_NS_ASSERTIONS = NO;
				ENABLE_STRICT_OBJC_MSGSEND = YES;
				GCC_C_LANGUAGE_STANDARD = gnu11;
				GCC_NO_COMMON_BLOCKS = YES;
				GCC_WARN_64_TO_32_BIT_CONVERSION = YES;
				GCC_WARN_ABOUT_RETURN_TYPE = YES_ERROR;
				GCC_WARN_UNDECLARED_SELECTOR = YES;
				GCC_WARN_UNINITIALIZED_AUTOS = YES_AGGRESSIVE;
				GCC_WARN_UNUSED_FUNCTION = YES;
				GCC_WARN_UNUSED_VARIABLE = YES;
				MACOSX_DEPLOYMENT_TARGET = 13.0;
				MTL_ENABLE_DEBUG_INFO = NO;
				MTL_FAST_MATH = YES;
				PRODUCT_NAME = "$(TARGET_NAME)";
				SDKROOT = macosx;
				SWIFT_COMPILATION_MODE = wholemodule;
				SWIFT_OPTIMIZATION_LEVEL = "-O";
				SWIFT_VERSION = 5.0;
			};
			name = Release;
		};
/* End XCBuildConfiguration section */

/* Begin XCConfigurationList section */
		7E98C075673233EBA9AB695F /* Build configuration list for PBXProject "GyroWheelReceiver" */ = {
			isa = XCConfigurationList;
			buildConfigurations = (
				3509FD2CCA7B92DE91E8FE76 /* Debug */,
				BBE5CEB4140E6B31FC5962BE /* Release */,
			);
			defaultConfigurationIsVisible = 0;
			defaultConfigurationName = Debug;
		};
		D5EBBEB877B0EE5B37ABE82A /* Build configuration list for PBXNativeTarget "GyroWheelReceiver" */ = {
			isa = XCConfigurationList;
			buildConfigurations = (
				50A38DBAC6C9CD995ACAB9EF /* Debug */,
				3B5B2AA137519290D7456BB0 /* Release */,
			);
			defaultConfigurationIsVisible = 0;
			defaultConfigurationName = Debug;
		};
/* End XCConfigurationList section */
	};
	rootObject = EBDF09BE29936E3E0DABA039 /* Project object */;
}
